
Microsoft Visual Studio Solution File, Format Version 12.00
# Visual Studio Version 16
VisualStudioVersion = 16.0.32901.82
MinimumVisualStudioVersion = 10.0.40219.1
Project("{8BC9CEB8-8B4A-11D0-8D11-00A0C91BC942}") = "InsertSort_Test", "InsertSort_Test\InsertSort_Test.vcxproj", "{875B8266-8AA7-41F1-B5BB-A0B7A6E2BD7B}"
EndProject
Global
	GlobalSection(SolutionConfigurationPlatforms) = preSolution
		Debug|x64 = Debug|x64
		Debug|x86 = Debug|x86
		Release|x64 = Release|x64
		Release|x86 = Release|x86
	EndGlobalSection
	GlobalSection(ProjectConfigurationPlatforms) = postSolution
		{875B8266-8AA7-41F1-B5BB-A0B7A6E2BD7B}.Debug|x64.ActiveCfg = Debug|x64
		{875B8266-8AA7-41F1-B5BB-A0B7A6E2BD7B}.Debug|x64.Build.0 = Debug|x64
		{875B8266-8AA7-41F1-B5BB-A0B7A6E2BD7B}.Debug|x86.ActiveCfg = Debug|Win32
		{875B8266-8AA7-41F1-B5BB-A0B7A6E2BD7B}.Debug|x86.Build.0 = Debug|Win32
		{875B8266-8AA7-41F1-B5BB-A0B7A6E2BD7B}.Release|x64.ActiveCfg = Release|x64
		{875B8266-8AA7-41F1-B5BB-A0B7A6E2BD7B}.Release|x64.Build.0 = Release|x64
		{875B8266-8AA7-41F1-B5BB-A0B7A6E2BD7B}.Release|x86.ActiveCfg = Release|Win32
		{875B8266-8AA7-41F1-B5BB-A0B7A6E2BD7B}.Release|x86.Build.0 = Release|Win32
	EndGlobalSection
	GlobalSection(SolutionProperties) = preSolution
		HideSolutionNode = FALSE
	EndGlobalSection
	GlobalSection(ExtensibilityGlobals) = postSolution
		SolutionGuid = {C9C9062D-B9F0-4F6F-82B7-2C603299D8FE}
	EndGlobalSection
EndGlobal
